protocol_name: "publication_evaluation_protocol_lock"
protocol_status: "locked_candidate"
generated_at: "2026-06-25T22:08:18"
generated_by:
  script: "X:\\pyproject\\5080train\\update\\lock_publication_protocol.py"
  project_root: "X:\\pyproject\\5080train"
  output_root: "X:\\pyproject\\5080train\\publication_eval_20260614"
  non_interference_policy:
    - "No training entrypoints are executed."
    - "No running Python processes are stopped or modified."
    - "Dataset/image directories are read-only; directory recursive hashing is skipped."
    - "Only protocol files under the output protocol directory are written."
git:
  commit: "cbec46baae9408e6ef12a65df5fd156020820414"
  branch: "master"
  dirty_status_short: "M 2dcnnv1/2dcnnv1.py\n M 2dcnnv1/2dcnnv1test.py\n M \"2dcnnv1/\\345\\220\\257\\345\\212\\250\\346\\265\\213\\350\\257\\225.bat\"\n M \"2dcnnv1/\\345\\220\\257\\345\\212\\250\\350\\256\\255\\347\\273\\203.bat\"\n D 2dcnnv10/2dcnnv10.py\n D 2dcnnv10/2dcnnv10test.py\n D 2dcnnv10/surmod_v8_test_base_for_v10.py\n D 2dcnnv10/surmod_v8_train_base_for_v10.py\n D \"2dcnnv10/\\345\\220\\257\\345\\212\\250\\346\\265\\213\\350\\257\\225.bat\"\n D \"2dcnnv10/\\345\\220\\257\\345\\212\\250\\350\\256\\255\\347\\273\\203.bat\"\n D 2dcnnv11/2dcnnv11.py\n D 2dcnnv11/2dcnnv11test.py\n D \"2dcnnv11/\\345\\220\\257\\345\\212\\250\\346\\265\\213\\350\\257\\225.bat\"\n D \"2dcnnv11/\\345\\220\\257\\345\\212\\250\\350\\256\\255\\347\\273\\203.bat\"\n D 2dcnnv2/2dcnnv2.py\n D 2dcnnv2/2dcnnv2test.py\n D \"2dcnnv2/\\345\\220\\257\\345\\212\\250\\346\\265\\213\\350\\257\\225.bat\"\n D \"2dcnnv2/\\345\\220\\257\\345\\212\\250\\350\\256\\255\\347\\273\\203.bat\"\n D 2dcnnv3/2dcnnv3.py\n D 2dcnnv3/2dcnnv3test.py\n D \"2dcnnv3/\\345\\220\\257\\345\\212\\250\\346\\265\\213\\350\\257\\225.bat\"\n D \"2dcnnv3/\\345\\220\\257\\345\\212\\250\\350\\256\\255\\347\\273\\203.bat\"\n D 2dcnnv7/2dcnnv7.py\n D 2dcnnv7/2dcnnv7test.py\n D \"2dcnnv7/\\345\\220\\257\\345\\212\\250\\346\\265\\213\\350\\257\\225.bat\"\n D \"2dcnnv7/\\345\\220\\257\\345\\212\\250\\350\\256\\255\\347\\273\\203.bat\"\n D 2dcnnv8/2dcnnv8.py\n D 2dcnnv8/2dcnnv8test.py\n D \"2dcnnv8/\\345\\220\\257\\345\\212\\250\\346\\265\\213\\350\\257\\225.bat\"\n D \"2dcnnv8/\\345\\220\\257\\345\\212\\250\\350\\256\\255\\347\\273\\203.bat\"\n D 2dcnnv9/2dcnnv9.py\n D 2dcnnv9/2dcnnv9test.py\n D 2dcnnv9/surmod_v8_test_base_for_v9.py\n D 2dcnnv9/surmod_v8_train_base_for_v9.py\n D \"2dcnnv9/\\345\\220\\257\\345\\212\\250\\346\\265\\213\\350\\257\\225.bat\"\n D \"2dcnnv9/\\345\\220\\257\\345\\212\\250\\350\\256\\255\\347\\273\\203.bat\"\n M publication_eval_20260614/protocol/protocol_change_log.md\n M update/2dcnn/tune_optuna_tpe.py\n D update/_ablation_2dcnnv11_test_importable.py\n D update/_ablation_2dcnnv11_train_importable.py\n M update/lock_publication_protocol.py\n M update/run_ablation_suite.py\n M update/run_final_deep_multiseed_eval.py\n M update/run_publication_hpo.py\n D \"\\345\\237\\272\\344\\272\\216\\345\\244\\232\\346\\250\\241\\346\\200\\201\\346\\267\\261\\345\\272\\246\\345\\255\\246\\344\\271\\240\\347\\232\\204\\346\\266\\210\\350\\203\\275\\345\\207\\217\\351\\234\\207\\347\\273\\223\\346\\236\\204\\345\\234\\260\\351\\234\\207\\345\\223\\215\\345\\272\\224\\351\\242\\204\\346\\265\\213\\344\\273\\243\\347\\220\\206\\346\\250\\2412.docx\"\n M \"\\350\\215\\211\\347\\250\\277/8_\\347\\273\\223\\350\\256\\272.md\"\n M \"\\350\\215\\211\\347\\250\\277/\\346\\255\\243\\346\\226\\207/3_\\346\\225\\260\\346\\215\\256\\351\\233\\206\\344\\270\\216\\351\\227\\256\\351\\242\\230\\345\\256\\232\\344\\271\\211_\\346\\255\\243\\346\\226\\207\\347\\250\\277.md\"\n M \"\\350\\215\\211\\347\\250\\277/\\346\\255\\243\\346\\226\\207/8_\\347\\273\\223\\350\\256\\272_\\346\\255\\243\\346\\226\\207\\347\\250\\277.md\"\n M \"\\350\\215\\211\\347\\250\\277/\\350\\256\\272\\346\\226\\207\\346\\217\\222\\345\\233\\276/png/fig05_input_representations.png\"\n M \"\\350\\215\\211\\347\\250\\277/\\350\\256\\272\\346\\226\\207\\346\\217\\222\\345\\233\\276/svg/fig06_multimodal_2dcnn_architecture.svg\"\n?? Dategeneral/\n?? EarthquarkChoose/\n?? output/paper_render/\n?? outputs/\n?? tmp/\n?? update/_ablation_2dcnnv1_test_importable.py\n?? update/_ablation_2dcnnv1_train_importable.py\n?? update/update_paper_docx.py\n?? xiaobotu/\n?? \"\\350\\256\\272\\346\\226\\207/\""
dataset:
  dataset_base: "opensees_surrogate_dataset_floors_3_to_7_3stage-tailfix-steel01main-steel02damper-light-grid6-fy5-fy500to2500-period09-m50to140-ydr1p0-20260531-181258"
  target_column: "max_drift_ratio_raw"
  data_dir: "X:\\pyproject\\5080train\\newdata"
  train_csv:
    path: "X:\\pyproject\\5080train\\newdata\\opensees_surrogate_dataset_floors_3_to_7_3stage-tailfix-steel01main-steel02damper-light-grid6-fy5-fy500to2500-period09-m50to140-ydr1p0-20260531-181258_train.csv"
    exists: true
    type: "file"
    bytes: 35893289
    last_modified: "2026-06-01T00:38:32"
    sha256: "c9e884866321e2399a8edc989e64a8ee31cd71aa64f3f868fa56f9d32bccbe11"
    rows_excluding_header: 67260
    columns:
      - "sample_id"
      - "split"
      - "stage"
      - "round_idx"
      - "txt_path"
      - "image_path"
      - "num_floors"
      - "floor_mass"
      - "floor_height"
      - "k_base_1_4"
      - "k_add"
      - "Fy_add"
      - "damper_layout"
      - "frame_b"
      - "frame_yield_drift_ratio"
      - "period_1_sec"
      - "period_limit_sec"
      - "period_compliant"
      - "period_check_status"
      - "wave_cluster"
      - "wave_dt"
      - "wave_length"
      - "wave_pga"
      - "wave_rms"
      - "wave_mean_abs"
      - "wave_cav"
      - "wave_arias_proxy"
      - "wave_duration_5_95"
      - "wave_zero_crossing_rate"
      - "wave_dominant_freq"
      - "wave_spectral_centroid"
      - "wave_predominant_period"
      - "wave_intensity_score"
      - "max_drift_ratio_raw"
      - "max_drift_ratio_q1e4"
      - "steel01_yielded"
      - "steel02_yielded"
      - "peak_damper_force"
      - "yield_margin"
      - "peak_story_id"
      - "analysis_status"
      - "failure_reason"
      - "failure_category"
      - "analysis_return_code"
      - "analysis_failed_step"
      - "analysis_failed_time"
      - "nonconvergence_flag"
    target_column_present: true
  val_csv:
    path: "X:\\pyproject\\5080train\\newdata\\opensees_surrogate_dataset_floors_3_to_7_3stage-tailfix-steel01main-steel02damper-light-grid6-fy5-fy500to2500-period09-m50to140-ydr1p0-20260531-181258_val.csv"
    exists: true
    type: "file"
    bytes: 1823552
    last_modified: "2026-06-01T00:38:32"
    sha256: "a4c9ba436c4f0c1c2000cf274280b57b6d1dfc91fdb20e4167b9e9999635ead3"
    rows_excluding_header: 3420
    columns:
      - "sample_id"
      - "split"
      - "stage"
      - "round_idx"
      - "txt_path"
      - "image_path"
      - "num_floors"
      - "floor_mass"
      - "floor_height"
      - "k_base_1_4"
      - "k_add"
      - "Fy_add"
      - "damper_layout"
      - "frame_b"
      - "frame_yield_drift_ratio"
      - "period_1_sec"
      - "period_limit_sec"
      - "period_compliant"
      - "period_check_status"
      - "wave_cluster"
      - "wave_dt"
      - "wave_length"
      - "wave_pga"
      - "wave_rms"
      - "wave_mean_abs"
      - "wave_cav"
      - "wave_arias_proxy"
      - "wave_duration_5_95"
      - "wave_zero_crossing_rate"
      - "wave_dominant_freq"
      - "wave_spectral_centroid"
      - "wave_predominant_period"
      - "wave_intensity_score"
      - "max_drift_ratio_raw"
      - "max_drift_ratio_q1e4"
      - "steel01_yielded"
      - "steel02_yielded"
      - "peak_damper_force"
      - "yield_margin"
      - "peak_story_id"
      - "analysis_status"
      - "failure_reason"
      - "failure_category"
      - "analysis_return_code"
      - "analysis_failed_step"
      - "analysis_failed_time"
      - "nonconvergence_flag"
    target_column_present: true
  test_csv_reserved_locked:
    path: "X:\\pyproject\\5080train\\newdata\\opensees_surrogate_dataset_floors_3_to_7_3stage-tailfix-steel01main-steel02damper-light-grid6-fy5-fy500to2500-period09-m50to140-ydr1p0-20260531-181258_test.csv"
    exists: true
    type: "file"
    bytes: 1670258
    last_modified: "2026-06-01T00:38:32"
    sha256: "720f3b86d6f59a335af692ae6ec4e39dc360559da6a7bbd92569c7e9ac8d1edb"
    rows_excluding_header: 3116
    columns:
      - "sample_id"
      - "split"
      - "stage"
      - "round_idx"
      - "txt_path"
      - "image_path"
      - "num_floors"
      - "floor_mass"
      - "floor_height"
      - "k_base_1_4"
      - "k_add"
      - "Fy_add"
      - "damper_layout"
      - "frame_b"
      - "frame_yield_drift_ratio"
      - "period_1_sec"
      - "period_limit_sec"
      - "period_compliant"
      - "period_check_status"
      - "wave_cluster"
      - "wave_dt"
      - "wave_length"
      - "wave_pga"
      - "wave_rms"
      - "wave_mean_abs"
      - "wave_cav"
      - "wave_arias_proxy"
      - "wave_duration_5_95"
      - "wave_zero_crossing_rate"
      - "wave_dominant_freq"
      - "wave_spectral_centroid"
      - "wave_predominant_period"
      - "wave_intensity_score"
      - "max_drift_ratio_raw"
      - "max_drift_ratio_q1e4"
      - "steel01_yielded"
      - "steel02_yielded"
      - "peak_damper_force"
      - "yield_margin"
      - "peak_story_id"
      - "analysis_status"
      - "failure_reason"
      - "failure_category"
      - "analysis_return_code"
      - "analysis_failed_step"
      - "analysis_failed_time"
      - "nonconvergence_flag"
    target_column_present: true
  wavelet_image_dir:
    path: "X:\\pyproject\\5080train\\newdata\\Newdatabase\\Scalogram\\rare_waves-20260531-140353"
    exists: true
    type: "directory"
    last_modified: "2026-05-31T20:12:52"
    recursive_hash_skipped: true
    reason: "Directory hashing is intentionally skipped to avoid heavy IO during active training."
  filtering_rules_to_verify_in_todo2:
    - "Check whether top drift samples were removed."
    - "Check invalid analysis/status filtering rules."
    - "Check whether group overlap exists across train/val/test."
    - "Check high-drift/yield sample coverage before making safety claims."
splits_and_usage_policy:
  train: "Model fitting only."
  validation: "Optuna HPO, early stopping, checkpoint selection only."
  locked_test: "Final generalization evaluation only after models, metrics, seeds, and statistics are frozen."
  test_set_prohibitions:
    - "No hyperparameter selection."
    - "No early stopping."
    - "No model architecture selection."
    - "No ablation selection."
    - "No figure tuning based on test performance."
hpo_protocol:
  sampler: "Optuna TPE"
  direction: "minimize"
  objective_metric: "selection"
  jobs:
    -
      model: "randomforest"
      script: "update/randomforest/tune_optuna_tpe.py"
      trials: 40
      startup_trials: 8
      extra_args:
        - "--n-jobs"
        - "8"
      notes: ""
      best_params_artifact:
        path: "X:\\pyproject\\5080train\\update\\randomforest\\best_params.json"
        exists: true
        type: "file"
        bytes: 158
        last_modified: "2026-06-14T13:41:09"
        sha256: "b360932490b2ddbad1b538d0b2da67c30685973f410db266600139f8f5bae062"
    -
      model: "xgboost"
      script: "update/xgboost/tune_optuna_tpe.py"
      trials: 50
      startup_trials: 8
      extra_args:
        - "--n-jobs"
        - "8"
      notes: ""
      best_params_artifact:
        path: "X:\\pyproject\\5080train\\update\\xgboost\\best_params.json"
        exists: true
        type: "file"
        bytes: 322
        last_modified: "2026-06-14T13:41:09"
        sha256: "1dde55cc29c1d94a5dbfcd0fc692d2051343b7af59fd42228e44f87e0cfca778"
    -
      model: "lightgbm"
      script: "update/lightgbm/tune_optuna_tpe.py"
      trials: 50
      startup_trials: 8
      extra_args:
        - "--n-jobs"
        - "8"
      notes: ""
      best_params_artifact:
        path: "X:\\pyproject\\5080train\\update\\lightgbm\\best_params.json"
        exists: true
        type: "file"
        bytes: 328
        last_modified: "2026-06-14T13:41:09"
        sha256: "39fcf3f20fbd83d1df7c750980e805fd7f185e2b6e76b689ec7104dd459b8bb8"
    -
      model: "catboost"
      script: "update/catboost/tune_optuna_tpe.py"
      trials: 50
      startup_trials: 8
      extra_args:
        - "--n-jobs"
        - "8"
      notes: ""
      best_params_artifact:
        path: "X:\\pyproject\\5080train\\update\\catboost\\best_params.json"
        exists: true
        type: "file"
        bytes: 190
        last_modified: "2026-06-14T13:41:09"
        sha256: "d865e55f7f11f9a8fcf90e471a0778b8fa5d9ea64b70e32b10e3660ba3eac8e0"
    -
      model: "mlp"
      script: "update/mlp/tune_optuna_tpe.py"
      trials: 30
      startup_trials: 8
      extra_args:
        - "--num-epochs"
        - "60"
      notes: ""
      best_params_artifact:
        path: "X:\\pyproject\\5080train\\update\\mlp\\best_params.json"
        exists: true
        type: "file"
        bytes: 319
        last_modified: "2026-06-14T13:41:09"
        sha256: "0fdc2a8af24789aa2570f7a85e9583046388dde3f59eaa0cefe80af4d3f2de9e"
    -
      model: "lstm"
      script: "update/lstm/tune_optuna_tpe.py"
      trials: 20
      startup_trials: 8
      extra_args:
        - "--num-epochs"
        - "40"
        - "--batch-size"
        - "128"
        - "--num-workers"
        - "0"
        - "--device"
        - "cuda"
      notes: "CUDA profile from update/run_publication_hpo.py."
      best_params_artifact:
        path: "X:\\pyproject\\5080train\\update\\lstm\\best_params.json"
        exists: true
        type: "file"
        bytes: 603
        last_modified: "2026-06-14T13:41:09"
        sha256: "bd370071497bce4930559b2b58d37a381eef53bd30f533370b24e8a984048c36"
    -
      model: "wavenet"
      script: "update/wavenet/tune_optuna_tpe.py"
      trials: 20
      startup_trials: 8
      extra_args:
        - "--num-epochs"
        - "40"
        - "--batch-size"
        - "96"
        - "--num-workers"
        - "0"
        - "--device"
        - "cuda"
      notes: "CUDA profile from update/run_publication_hpo.py."
      best_params_artifact:
        path: "X:\\pyproject\\5080train\\update\\wavenet\\best_params.json"
        exists: true
        type: "file"
        bytes: 695
        last_modified: "2026-06-14T13:41:09"
        sha256: "b69ec753eecaf2a393f41c273e74a51e916fbfa70591b6de701b48f4ff361b43"
    -
      model: "2dcnn"
      script: "update/2dcnn/tune_optuna_tpe.py"
      trials: 20
      startup_trials: 8
      extra_args:
        - "--num-epochs"
        - "40"
        - "--batch-size"
        - "32"
        - "--num-workers"
        - "0"
      notes: "Uses the 2dcnnv1 tuning entry with the unified newdata split."
      best_params_artifact:
        path: "X:\\pyproject\\5080train\\update\\2dcnn\\best_params.json"
        exists: true
        type: "file"
        bytes: 649
        last_modified: "2026-06-14T13:41:09"
        sha256: "54df4d2e0bbf370baa09dd4df4dcb5fbc3417513a547218ba87502b2340f6f9b"
final_evaluation_protocol:
  final_training_seeds:
    - 20260614
    - 20260615
    - 20260616
    - 20260617
    - 20260618
  minimum_independent_training_seeds: 5
  preferred_independent_training_seeds: 10
  seed_policy: "Each final model must be retrained from scratch with frozen best hyperparameters."
  resampling_warning: "Test-set resampling metrics must not be reported as independent training seeds."
  primary_metrics:
    - "MAE"
    - "RMSE"
    - "R2"
  secondary_metrics:
    - "MAPE_or_SMAPE"
    - "parameter_count"
    - "training_time"
    - "inference_latency"
  safety_metrics:
    - "tail_MAE"
    - "tail_RMSE"
    - "dangerous_underprediction_rate"
    - "threshold_recall"
    - "threshold_precision"
    - "max_underprediction"
  tail_thresholds:
    - "p90"
    - "p95"
    - "0.005"
    - "0.010"
    - "0.015"
    - "0.020"
  statistical_tests:
    - "grouped paired bootstrap confidence intervals"
    - "Wilcoxon signed-rank test"
    - "Friedman test with post-hoc correction when multiple folds/tasks exist"
    - "Holm correction for multiple comparisons"
model_registry:
  -
    name: "dummy_mean_median"
    status: "planned_p0_baseline"
    role: "sanity baseline"
    reason: "Detect whether the task is solved by target central tendency."
  -
    name: "ridge_elasticnet"
    status: "planned_p0_baseline"
    role: "regularized linear baseline"
    reason: "Quantify the gain from nonlinear models."
  -
    name: "extratrees_histgradientboosting"
    status: "planned_p0_baseline"
    role: "classical tabular baseline"
    reason: "Add robust, low-cost tree baselines."
  -
    name: "randomforest"
    status: "existing_hpo"
    role: "classical tabular baseline"
    script: "update/randomforest/tune_optuna_tpe.py"
  -
    name: "xgboost"
    status: "existing_hpo"
    role: "strong GBDT baseline"
    script: "update/xgboost/tune_optuna_tpe.py"
  -
    name: "lightgbm"
    status: "existing_hpo"
    role: "strong GBDT baseline"
    script: "update/lightgbm/tune_optuna_tpe.py"
  -
    name: "catboost"
    status: "existing_hpo"
    role: "strong GBDT baseline"
    script: "update/catboost/tune_optuna_tpe.py"
  -
    name: "mlp"
    status: "existing_hpo"
    role: "neural tabular baseline"
    script: "update/mlp/tune_optuna_tpe.py"
  -
    name: "realmlp_tabm"
    status: "planned_2026_baseline"
    role: "modern neural tabular baseline"
    reason: "Align with 2025 tabular deep learning baselines."
  -
    name: "tabpfn_v2"
    status: "conditional_2026_baseline"
    role: "tabular foundation model baseline"
    reason: "Include if data size, feature count, task type, license, and compute allow it; otherwise document exclusion."
  -
    name: "autogluon_or_ensembled_gbdt_mlp"
    status: "planned_2026_baseline"
    role: "AutoML/ensemble upper baseline"
    reason: "Align with TabArena-style model comparison."
  -
    name: "lstm"
    status: "existing_hpo"
    role: "sequence baseline"
    script: "update/lstm/tune_optuna_tpe.py"
  -
    name: "wavenet"
    status: "existing_hpo"
    role: "sequence baseline"
    script: "update/wavenet/tune_optuna_tpe.py"
  -
    name: "2dcnn_v1_fusion"
    status: "existing_hpo_candidate_main"
    role: "proposed multimodal/time-frequency fusion model"
    script: "update/2dcnn/tune_optuna_tpe.py"
    train_script: "2dcnnv1/2dcnnv1.py"
    test_script: "2dcnnv1/2dcnnv1test.py"
claim_boundaries:
  iid_interpolation: "Supported only by locked IID test metrics."
  unseen_wave_generalization: "Requires a test split whose earthquake waves are absent from train/val."
  unseen_structure_generalization: "Requires held-out structural configurations or parameter ranges."
  high_drift_safety: "Requires sufficient high-drift/yield samples and dangerous-underprediction metrics."
  uncertainty_claim: "Requires calibrated intervals or equivalent uncertainty evaluation."
code_artifacts:
  core_files:
    -
      path: "X:\\pyproject\\5080train\\update\\run_publication_hpo.py"
      exists: true
      type: "file"
      bytes: 23564
      last_modified: "2026-06-25T21:55:45"
      sha256: "e3a867da78fc68878d3109ebda8022ed9395d9a280347a618aae01055cf27221"
    -
      path: "X:\\pyproject\\5080train\\update\\common\\optuna_tpe_common.py"
      exists: true
      type: "file"
      bytes: 23913
      last_modified: "2026-06-14T13:41:09"
      sha256: "34178df78c1adafb68c8a42c65cadfc54a53919e8ff59249aafbbff8b3fd95ab"
    -
      path: "X:\\pyproject\\5080train\\tabular_model_common.py"
      exists: true
      type: "file"
      bytes: 40224
      last_modified: "2026-06-02T13:09:59"
      sha256: "314b712abe5c9fef0f97a2825a370d883e557e1eabb57dd50c73bc2488a4695e"
    -
      path: "X:\\pyproject\\5080train\\sequence_model_common.py"
      exists: true
      type: "file"
      bytes: 87885
      last_modified: "2026-06-02T13:18:38"
      sha256: "a69a4c0468f13db3bb1f2df5f8b9d8cb30f64ee1288437268d67cb1336d89af2"
    -
      path: "X:\\pyproject\\5080train\\2dcnnv1\\2dcnnv1.py"
      exists: true
      type: "file"
      bytes: 109567
      last_modified: "2026-06-25T21:55:05"
      sha256: "fc292cb359ee9a2fa1c3aedd9fa43dd75cfb0d1c7c34128c007f181c198fa096"
    -
      path: "X:\\pyproject\\5080train\\2dcnnv1\\2dcnnv1test.py"
      exists: true
      type: "file"
      bytes: 62438
      last_modified: "2026-06-25T21:55:05"
      sha256: "6b9ead7a2f69a20e38a62f2467a6a66d6a5da611c72eb05912ce6bfea904ad35"
    -
      path: "X:\\pyproject\\5080train\\floors_3_to_7_utils.py"
      exists: true
      type: "file"
      bytes: 502
      last_modified: "2026-05-28T20:31:51"
      sha256: "6c854a0bdc9ee4d2ab150da4d03332a07de6ae1ad915df5da575c1abfb031126"
  tuning_scripts:
    -
      path: "X:\\pyproject\\5080train\\update\\randomforest\\tune_optuna_tpe.py"
      exists: true
      type: "file"
      bytes: 1233
      last_modified: "2026-06-09T12:33:06"
      sha256: "7fea3d238428d0cc023b8aa9d541659ae9f8395c932779881d25168925f7a867"
    -
      path: "X:\\pyproject\\5080train\\update\\xgboost\\tune_optuna_tpe.py"
      exists: true
      type: "file"
      bytes: 1408
      last_modified: "2026-06-09T12:33:06"
      sha256: "2c3892e3ebd3290ed3e27d40da82c6f4ce5ecaa5091095fe3dae8215d68a2c26"
    -
      path: "X:\\pyproject\\5080train\\update\\lightgbm\\tune_optuna_tpe.py"
      exists: true
      type: "file"
      bytes: 1503
      last_modified: "2026-06-09T12:33:06"
      sha256: "e06ce4f9e5a752e193cb6cdab2a852a26f3689405123157bba40c918db9b0360"
    -
      path: "X:\\pyproject\\5080train\\update\\catboost\\tune_optuna_tpe.py"
      exists: true
      type: "file"
      bytes: 1147
      last_modified: "2026-06-09T12:33:06"
      sha256: "8d9baf87906e8d7e2a6a4c51424279c33d714746b7039a15da19ae643a5b9c32"
    -
      path: "X:\\pyproject\\5080train\\update\\mlp\\tune_optuna_tpe.py"
      exists: true
      type: "file"
      bytes: 1607
      last_modified: "2026-06-09T12:33:06"
      sha256: "129844025bb1eac4cc81f760fe9d39c3620a4a530a059cadec9ecbda4cea2b3e"
    -
      path: "X:\\pyproject\\5080train\\update\\lstm\\tune_optuna_tpe.py"
      exists: true
      type: "file"
      bytes: 2695
      last_modified: "2026-06-09T12:33:06"
      sha256: "04603887473fe11967b5135030bc932bc398b6ce736d65da7391a4f552cc994b"
    -
      path: "X:\\pyproject\\5080train\\update\\wavenet\\tune_optuna_tpe.py"
      exists: true
      type: "file"
      bytes: 2939
      last_modified: "2026-06-14T13:41:09"
      sha256: "aeb1b62163ef97c8b664d7b871dcc2b920d2863a8386f2732541aa7503437e8a"
    -
      path: "X:\\pyproject\\5080train\\update\\2dcnn\\tune_optuna_tpe.py"
      exists: true
      type: "file"
      bytes: 3058
      last_modified: "2026-06-25T21:55:05"
      sha256: "1b1c38dc292a7e90a08ab5b65500eae66bb3a00fa3c091f1673437c227cf073f"
next_required_todos:
  - "TODO2: dataset manifest, leakage, filtering, and distribution audit."
  - "TODO3: HPO fairness audit."
  - "TODO4: 2026 baseline inclusion/exclusion review."
  - "TODO5: frozen-best-params multi-seed retraining."
